// !$*UTF8*$!
{
	archiveVersion = 1;
	classes = {
	};
	objectVersion = 51;
	objects = {

/* Begin PBXBuildFile section */
		2980A478235E04D800912952 /* AppDelegate.swift in Sources */ = {isa = PBXBuildFile; fileRef = 2980A477235E04D800912952 /* AppDelegate.swift */; };
		2980A47C235E04D800912952 /* ViewController.swift in Sources */ = {isa = PBXBuildFile; fileRef = 2980A47B235E04D800912952 /* ViewController.swift */; };
		2980A47F235E04D800912952 /* Main.storyboard in Resources */ = {isa = PBXBuildFile; fileRef = 2980A47D235E04D800912952 /* Main.storyboard */; };
		2980A481235E04D900912952 /* Assets.xcassets in Resources */ = {isa = PBXBuildFile; fileRef = 2980A480235E04D900912952 /* Assets.xcassets */; };
		2980A484235E04D900912952 /* LaunchScreen.storyboard in Resources */ = {isa = PBXBuildFile; fileRef = 2980A482235E04D900912952 /* LaunchScreen.storyboard */; };
		2980A48F235E04D900912952 /* BumpTestAppTests.swift in Sources */ = {isa = PBXBuildFile; fileRef = 2980A48E235E04D900912952 /* BumpTestAppTests.swift */; };
		2980A49B235E052B00912952 /* Coordinator.swift in Sources */ = {isa = PBXBuildFile; fileRef = 2980A49A235E052B00912952 /* Coordinator.swift */; };
		2980A49D235E05A500912952 /* MainCoordinator.swift in Sources */ = {isa = PBXBuildFile; fileRef = 2980A49C235E05A500912952 /* MainCoordinator.swift */; };
		2980A49F235E05E100912952 /* Storyboarded.swift in Sources */ = {isa = PBXBuildFile; fileRef = 2980A49E235E05E100912952 /* Storyboarded.swift */; };
		2980A4A2235E07E300912952 /* ViewControllerViewModel.swift in Sources */ = {isa = PBXBuildFile; fileRef = 2980A4A1235E07E300912952 /* ViewControllerViewModel.swift */; };
		2980A4A5235E138300912952 /* Giphy.swift in Sources */ = {isa = PBXBuildFile; fileRef = 2980A4A4235E138300912952 /* Giphy.swift */; };
		2980A4A9235E1FF800912952 /* FeedViewCell.swift in Sources */ = {isa = PBXBuildFile; fileRef = 2980A4A8235E1FF800912952 /* FeedViewCell.swift */; };
		2980A4AD235E386A00912952 /* FeedViewCell.xib in Resources */ = {isa = PBXBuildFile; fileRef = 2980A4AC235E386A00912952 /* FeedViewCell.xib */; };
		29D80D7C2371C8050001FB3F /* BumpTestAppUITests.swift in Sources */ = {isa = PBXBuildFile; fileRef = 29D80D7B2371C8050001FB3F /* BumpTestAppUITests.swift */; };
		624853C24DEA962B27399C3D /* Pods_BumpTestAppTests.framework in Frameworks */ = {isa = PBXBuildFile; fileRef = A3E967F840C0D90836E4DB45 /* Pods_BumpTestAppTests.framework */; };
		66E5E26D51415E57D16691E4 /* Pods_BumpTestApp.framework in Frameworks */ = {isa = PBXBuildFile; fileRef = BB4B560196453641B72F04F5 /* Pods_BumpTestApp.framework */; };
/* End PBXBuildFile section */

/* Begin PBXContainerItemProxy section */
		2980A48B235E04D900912952 /* PBXContainerItemProxy */ = {
			isa = PBXContainerItemProxy;
			containerPortal = 2980A46C235E04D800912952 /* Project object */;
			proxyType = 1;
			remoteGlobalIDString = 2980A473235E04D800912952;
			remoteInfo = BumpTestApp;
		};
		29D80D7E2371C8050001FB3F /* PBXContainerItemProxy */ = {
			isa = PBXContainerItemProxy;
			containerPortal = 2980A46C235E04D800912952 /* Project object */;
			proxyType = 1;
			remoteGlobalIDString = 2980A473235E04D800912952;
			remoteInfo = BumpTestApp;
		};
/* End PBXContainerItemProxy section */

/* Begin PBXFileReference section */
		022CA5C1F2185CAEAC8D069B /* Pods-BumpTestApp.release.xcconfig */ = {isa = PBXFileReference; includeInIndex = 1; lastKnownFileType = text.xcconfig; name = "Pods-BumpTestApp.release.xcconfig"; path = "Target Support Files/Pods-BumpTestApp/Pods-BumpTestApp.release.xcconfig"; sourceTree = "<group>"; };
		15B444D98AD42AF718D24DE5 /* Pods-BumpTestApp.debug.xcconfig */ = {isa = PBXFileReference; includeInIndex = 1; lastKnownFileType = text.xcconfig; name = "Pods-BumpTestApp.debug.xcconfig"; path = "Target Support Files/Pods-BumpTestApp/Pods-BumpTestApp.debug.xcconfig"; sourceTree = "<group>"; };
		2980A474235E04D800912952 /* BumpTestApp.app */ = {isa = PBXFileReference; explicitFileType = wrapper.application; includeInIndex = 0; path = BumpTestApp.app; sourceTree = BUILT_PRODUCTS_DIR; };
		2980A477235E04D800912952 /* AppDelegate.swift */ = {isa = PBXFileReference; lastKnownFileType = sourcecode.swift; path = AppDelegate.swift; sourceTree = "<group>"; };
		2980A47B235E04D800912952 /* ViewController.swift */ = {isa = PBXFileReference; lastKnownFileType = sourcecode.swift; path = ViewController.swift; sourceTree = "<group>"; };
		2980A47E235E04D800912952 /* Base */ = {isa = PBXFileReference; lastKnownFileType = file.storyboard; name = Base; path = Base.lproj/Main.storyboard; sourceTree = "<group>"; };
		2980A480235E04D900912952 /* Assets.xcassets */ = {isa = PBXFileReference; lastKnownFileType = folder.assetcatalog; path = Assets.xcassets; sourceTree = "<group>"; };
		2980A483235E04D900912952 /* Base */ = {isa = PBXFileReference; lastKnownFileType = file.storyboard; name = Base; path = Base.lproj/LaunchScreen.storyboard; sourceTree = "<group>"; };
		2980A485235E04D900912952 /* Info.plist */ = {isa = PBXFileReference; lastKnownFileType = text.plist.xml; path = Info.plist; sourceTree = "<group>"; };
		2980A48A235E04D900912952 /* BumpTestAppTests.xctest */ = {isa = PBXFileReference; explicitFileType = wrapper.cfbundle; includeInIndex = 0; path = BumpTestAppTests.xctest; sourceTree = BUILT_PRODUCTS_DIR; };
		2980A48E235E04D900912952 /* BumpTestAppTests.swift */ = {isa = PBXFileReference; lastKnownFileType = sourcecode.swift; path = BumpTestAppTests.swift; sourceTree = "<group>"; };
		2980A490235E04D900912952 /* Info.plist */ = {isa = PBXFileReference; lastKnownFileType = text.plist.xml; path = Info.plist; sourceTree = "<group>"; };
		2980A49A235E052B00912952 /* Coordinator.swift */ = {isa = PBXFileReference; lastKnownFileType = sourcecode.swift; path = Coordinator.swift; sourceTree = "<group>"; };
		2980A49C235E05A500912952 /* MainCoordinator.swift */ = {isa = PBXFileReference; lastKnownFileType = sourcecode.swift; path = MainCoordinator.swift; sourceTree = "<group>"; };
		2980A49E235E05E100912952 /* Storyboarded.swift */ = {isa = PBXFileReference; lastKnownFileType = sourcecode.swift; path = Storyboarded.swift; sourceTree = "<group>"; };
		2980A4A1235E07E300912952 /* ViewControllerViewModel.swift */ = {isa = PBXFileReference; lastKnownFileType = sourcecode.swift; path = ViewControllerViewModel.swift; sourceTree = "<group>"; };
		2980A4A4235E138300912952 /* Giphy.swift */ = {isa = PBXFileReference; lastKnownFileType = sourcecode.swift; path = Giphy.swift; sourceTree = "<group>"; };
		2980A4A8235E1FF800912952 /* FeedViewCell.swift */ = {isa = PBXFileReference; lastKnownFileType = sourcecode.swift; path = FeedViewCell.swift; sourceTree = "<group>"; };
		2980A4AC235E386A00912952 /* FeedViewCell.xib */ = {isa = PBXFileReference; lastKnownFileType = file.xib; path = FeedViewCell.xib; sourceTree = "<group>"; };
		29D80D792371C8050001FB3F /* BumpTestAppUITests.xctest */ = {isa = PBXFileReference; explicitFileType = wrapper.cfbundle; includeInIndex = 0; path = BumpTestAppUITests.xctest; sourceTree = BUILT_PRODUCTS_DIR; };
		29D80D7B2371C8050001FB3F /* BumpTestAppUITests.swift */ = {isa = PBXFileReference; lastKnownFileType = sourcecode.swift; path = BumpTestAppUITests.swift; sourceTree = "<group>"; };
		29D80D7D2371C8050001FB3F /* Info.plist */ = {isa = PBXFileReference; lastKnownFileType = text.plist.xml; path = Info.plist; sourceTree = "<group>"; };
		44946872F4F62C3676D3B04B /* Pods-BumpTestAppTests.release.xcconfig */ = {isa = PBXFileReference; includeInIndex = 1; lastKnownFileType = text.xcconfig; name = "Pods-BumpTestAppTests.release.xcconfig"; path = "Target Support Files/Pods-BumpTestAppTests/Pods-BumpTestAppTests.release.xcconfig"; sourceTree = "<group>"; };
		A3E967F840C0D90836E4DB45 /* Pods_BumpTestAppTests.framework */ = {isa = PBXFileReference; explicitFileType = wrapper.framework; includeInIndex = 0; path = Pods_BumpTestAppTests.framework; sourceTree = BUILT_PRODUCTS_DIR; };
		BB4B560196453641B72F04F5 /* Pods_BumpTestApp.framework */ = {isa = PBXFileReference; explicitFileType = wrapper.framework; includeInIndex = 0; path = Pods_BumpTestApp.framework; sourceTree = BUILT_PRODUCTS_DIR; };
		E0111656CA7D4050B40B8B8D /* Pods-BumpTestAppTests.debug.xcconfig */ = {isa = PBXFileReference; includeInIndex = 1; lastKnownFileType = text.xcconfig; name = "Pods-BumpTestAppTests.debug.xcconfig"; path = "Target Support Files/Pods-BumpTestAppTests/Pods-BumpTestAppTests.debug.xcconfig"; sourceTree = "<group>"; };
/* End PBXFileReference section */

/* Begin PBXFrameworksBuildPhase section */
		2980A471235E04D800912952 /* Frameworks */ = {
			isa = PBXFrameworksBuildPhase;
			buildActionMask = 2147483647;
			files = (
				66E5E26D51415E57D16691E4 /* Pods_BumpTestApp.framework in Frameworks */,
			);
			runOnlyForDeploymentPostprocessing = 0;
		};
		2980A487235E04D900912952 /* Frameworks */ = {
			isa = PBXFrameworksBuildPhase;
			buildActionMask = 2147483647;
			files = (
				624853C24DEA962B27399C3D /* Pods_BumpTestAppTests.framework in Frameworks */,
			);
			runOnlyForDeploymentPostprocessing = 0;
		};
		29D80D762371C8050001FB3F /* Frameworks */ = {
			isa = PBXFrameworksBuildPhase;
			buildActionMask = 2147483647;
			files = (
			);
			runOnlyForDeploymentPostprocessing = 0;
		};
/* End PBXFrameworksBuildPhase section */

/* Begin PBXGroup section */
		152414635FE20BCBD8AE6866 /* Frameworks */ = {
			isa = PBXGroup;
			children = (
				BB4B560196453641B72F04F5 /* Pods_BumpTestApp.framework */,
				A3E967F840C0D90836E4DB45 /* Pods_BumpTestAppTests.framework */,
			);
			name = Frameworks;
			sourceTree = "<group>";
		};
		24194973C35A9D91342C5B40 /* Pods */ = {
			isa = PBXGroup;
			children = (
				15B444D98AD42AF718D24DE5 /* Pods-BumpTestApp.debug.xcconfig */,
				022CA5C1F2185CAEAC8D069B /* Pods-BumpTestApp.release.xcconfig */,
				E0111656CA7D4050B40B8B8D /* Pods-BumpTestAppTests.debug.xcconfig */,
				44946872F4F62C3676D3B04B /* Pods-BumpTestAppTests.release.xcconfig */,
			);
			path = Pods;
			sourceTree = "<group>";
		};
		2980A46B235E04D800912952 = {
			isa = PBXGroup;
			children = (
				2980A476235E04D800912952 /* BumpTestApp */,
				2980A48D235E04D900912952 /* BumpTestAppTests */,
				29D80D7A2371C8050001FB3F /* BumpTestAppUITests */,
				2980A475235E04D800912952 /* Products */,
				24194973C35A9D91342C5B40 /* Pods */,
				152414635FE20BCBD8AE6866 /* Frameworks */,
			);
			sourceTree = "<group>";
		};
		2980A475235E04D800912952 /* Products */ = {
			isa = PBXGroup;
			children = (
				2980A474235E04D800912952 /* BumpTestApp.app */,
				2980A48A235E04D900912952 /* BumpTestAppTests.xctest */,
				29D80D792371C8050001FB3F /* BumpTestAppUITests.xctest */,
			);
			name = Products;
			sourceTree = "<group>";
		};
		2980A476235E04D800912952 /* BumpTestApp */ = {
			isa = PBXGroup;
			children = (
				2980A4A3235E12E300912952 /* Model */,
				2980A4A0235E07BE00912952 /* Feed */,
				2980A499235E04F900912952 /* Coordinators */,
				2980A477235E04D800912952 /* AppDelegate.swift */,
				2980A47D235E04D800912952 /* Main.storyboard */,
				2980A480235E04D900912952 /* Assets.xcassets */,
				2980A482235E04D900912952 /* LaunchScreen.storyboard */,
				2980A485235E04D900912952 /* Info.plist */,
			);
			path = BumpTestApp;
			sourceTree = "<group>";
		};
		2980A48D235E04D900912952 /* BumpTestAppTests */ = {
			isa = PBXGroup;
			children = (
				2980A48E235E04D900912952 /* BumpTestAppTests.swift */,
				2980A490235E04D900912952 /* Info.plist */,
			);
			path = BumpTestAppTests;
			sourceTree = "<group>";
		};
		2980A499235E04F900912952 /* Coordinators */ = {
			isa = PBXGroup;
			children = (
				2980A49A235E052B00912952 /* Coordinator.swift */,
				2980A49C235E05A500912952 /* MainCoordinator.swift */,
				2980A49E235E05E100912952 /* Storyboarded.swift */,
			);
			path = Coordinators;
			sourceTree = "<group>";
		};
		2980A4A0235E07BE00912952 /* Feed */ = {
			isa = PBXGroup;
			children = (
				2980A47B235E04D800912952 /* ViewController.swift */,
				2980A4A1235E07E300912952 /* ViewControllerViewModel.swift */,
				2980A4A8235E1FF800912952 /* FeedViewCell.swift */,
				2980A4AC235E386A00912952 /* FeedViewCell.xib */,
			);
			path = Feed;
			sourceTree = "<group>";
		};
		2980A4A3235E12E300912952 /* Model */ = {
			isa = PBXGroup;
			children = (
				2980A4A4235E138300912952 /* Giphy.swift */,
			);
			path = Model;
			sourceTree = "<group>";
		};
		29D80D7A2371C8050001FB3F /* BumpTestAppUITests */ = {
			isa = PBXGroup;
			children = (
				29D80D7B2371C8050001FB3F /* BumpTestAppUITests.swift */,
				29D80D7D2371C8050001FB3F /* Info.plist */,
			);
			path = BumpTestAppUITests;
			sourceTree = "<group>";
		};
/* End PBXGroup section */

/* Begin PBXNativeTarget section */
		2980A473235E04D800912952 /* BumpTestApp */ = {
			isa = PBXNativeTarget;
			buildConfigurationList = 2980A493235E04D900912952 /* Build configuration list for PBXNativeTarget "BumpTestApp" */;
			buildPhases = (
				6BD0C42169AECD283B25B464 /* [CP] Check Pods Manifest.lock */,
				2980A470235E04D800912952 /* Sources */,
				2980A471235E04D800912952 /* Frameworks */,
				2980A472235E04D800912952 /* Resources */,
				EB34388C3C40C0D20599F1FE /* [CP] Embed Pods Frameworks */,
			);
			buildRules = (
			);
			dependencies = (
			);
			name = BumpTestApp;
			productName = BumpTestApp;
			productReference = 2980A474235E04D800912952 /* BumpTestApp.app */;
			productType = "com.apple.product-type.application";
		};
		2980A489235E04D900912952 /* BumpTestAppTests */ = {
			isa = PBXNativeTarget;
			buildConfigurationList = 2980A496235E04D900912952 /* Build configuration list for PBXNativeTarget "BumpTestAppTests" */;
			buildPhases = (
				9AA54432BF13BDB5680F0EEB /* [CP] Check Pods Manifest.lock */,
				2980A486235E04D900912952 /* Sources */,
				2980A487235E04D900912952 /* Frameworks */,
				2980A488235E04D900912952 /* Resources */,
			);
			buildRules = (
			);
			dependencies = (
				2980A48C235E04D900912952 /* PBXTargetDependency */,
			);
			name = BumpTestAppTests;
			productName = BumpTestAppTests;
			productReference = 2980A48A235E04D900912952 /* BumpTestAppTests.xctest */;
			productType = "com.apple.product-type.bundle.unit-test";
		};
		29D80D782371C8050001FB3F /* BumpTestAppUITests */ = {
			isa = PBXNativeTarget;
			buildConfigurationList = 29D80D822371C8050001FB3F /* Build configuration list for PBXNativeTarget "BumpTestAppUITests" */;
			buildPhases = (
				29D80D752371C8050001FB3F /* Sources */,
				29D80D762371C8050001FB3F /* Frameworks */,
				29D80D772371C8050001FB3F /* Resources */,
			);
			buildRules = (
			);
			dependencies = (
				29D80D7F2371C8050001FB3F /* PBXTargetDependency */,
			);
			name = BumpTestAppUITests;
			productName = BumpTestAppUITests;
			productReference = 29D80D792371C8050001FB3F /* BumpTestAppUITests.xctest */;
			productType = "com.apple.product-type.bundle.ui-testing";
		};
/* End PBXNativeTarget section */

/* Begin PBXProject section */
		2980A46C235E04D800912952 /* Project object */ = {
			isa = PBXProject;
			attributes = {
				LastSwiftUpdateCheck = 1120;
				LastUpgradeCheck = 1110;
				ORGANIZATIONNAME = "Iain McLean";
				TargetAttributes = {
					2980A473235E04D800912952 = {
						CreatedOnToolsVersion = 11.1;
					};
					2980A489235E04D900912952 = {
						CreatedOnToolsVersion = 11.1;
						TestTargetID = 2980A473235E04D800912952;
					};
					29D80D782371C8050001FB3F = {
						CreatedOnToolsVersion = 11.2;
						TestTargetID = 2980A473235E04D800912952;
					};
				};
			};
			buildConfigurationList = 2980A46F235E04D800912952 /* Build configuration list for PBXProject "BumpTestApp" */;
			compatibilityVersion = "Xcode 9.3";
			developmentRegion = en;
			hasScannedForEncodings = 0;
			knownRegions = (
				en,
				Base,
			);
			mainGroup = 2980A46B235E04D800912952;
			productRefGroup = 2980A475235E04D800912952 /* Products */;
			projectDirPath = "";
			projectRoot = "";
			targets = (
				2980A473235E04D800912952 /* BumpTestApp */,
				2980A489235E04D900912952 /* BumpTestAppTests */,
				29D80D782371C8050001FB3F /* BumpTestAppUITests */,
			);
		};
/* End PBXProject section */

/* Begin PBXResourcesBuildPhase section */
		2980A472235E04D800912952 /* Resources */ = {
			isa = PBXResourcesBuildPhase;
			buildActionMask = 2147483647;
			files = (
				2980A4AD235E386A00912952 /* FeedViewCell.xib in Resources */,
				2980A484235E04D900912952 /* LaunchScreen.storyboard in Resources */,
				2980A481235E04D900912952 /* Assets.xcassets in Resources */,
				2980A47F235E04D800912952 /* Main.storyboard in Resources */,
			);
			runOnlyForDeploymentPostprocessing = 0;
		};
		2980A488235E04D900912952 /* Resources */ = {
			isa = PBXResourcesBuildPhase;
			buildActionMask = 2147483647;
			files = (
			);
			runOnlyForDeploymentPostprocessing = 0;
		};
		29D80D772371C8050001FB3F /* Resources */ = {
			isa = PBXResourcesBuildPhase;
			buildActionMask = 2147483647;
			files = (
			);
			runOnlyForDeploymentPostprocessing = 0;
		};
/* End PBXResourcesBuildPhase section */

/* Begin PBXShellScriptBuildPhase section */
		6BD0C42169AECD283B25B464 /* [CP] Check Pods Manifest.lock */ = {
			isa = PBXShellScriptBuildPhase;
			buildActionMask = 2147483647;
			files = (
			);
			inputFileListPaths = (
			);
			inputPaths = (
				"${PODS_PODFILE_DIR_PATH}/Podfile.lock",
				"${PODS_ROOT}/Manifest.lock",
			);
			name = "[CP] Check Pods Manifest.lock";
			outputFileListPaths = (
			);
			outputPaths = (
				"$(DERIVED_FILE_DIR)/Pods-BumpTestApp-checkManifestLockResult.txt",
			);
			runOnlyForDeploymentPostprocessing = 0;
			shellPath = /bin/sh;
			shellScript = "diff \"${PODS_PODFILE_DIR_PATH}/Podfile.lock\" \"${PODS_ROOT}/Manifest.lock\" > /dev/null\nif [ $? != 0 ] ; then\n    # print error to STDERR\n    echo \"error: The sandbox is not in sync with the Podfile.lock. Run 'pod install' or update your CocoaPods installation.\" >&2\n    exit 1\nfi\n# This output is used by Xcode 'outputs' to avoid re-running this script phase.\necho \"SUCCESS\" > \"${SCRIPT_OUTPUT_FILE_0}\"\n";
			showEnvVarsInLog = 0;
		};
		9AA54432BF13BDB5680F0EEB /* [CP] Check Pods Manifest.lock */ = {
			isa = PBXShellScriptBuildPhase;
			buildActionMask = 2147483647;
			files = (
			);
			inputFileListPaths = (
			);
			inputPaths = (
				"${PODS_PODFILE_DIR_PATH}/Podfile.lock",
				"${PODS_ROOT}/Manifest.lock",
			);
			name = "[CP] Check Pods Manifest.lock";
			outputFileListPaths = (
			);
			outputPaths = (
				"$(DERIVED_FILE_DIR)/Pods-BumpTestAppTests-checkManifestLockResult.txt",
			);
			runOnlyForDeploymentPostprocessing = 0;
			shellPath = /bin/sh;
			shellScript = "diff \"${PODS_PODFILE_DIR_PATH}/Podfile.lock\" \"${PODS_ROOT}/Manifest.lock\" > /dev/null\nif [ $? != 0 ] ; then\n    # print error to STDERR\n    echo \"error: The sandbox is not in sync with the Podfile.lock. Run 'pod install' or update your CocoaPods installation.\" >&2\n    exit 1\nfi\n# This output is used by Xcode 'outputs' to avoid re-running this script phase.\necho \"SUCCESS\" > \"${SCRIPT_OUTPUT_FILE_0}\"\n";
			showEnvVarsInLog = 0;
		};
		EB34388C3C40C0D20599F1FE /* [CP] Embed Pods Frameworks */ = {
			isa = PBXShellScriptBuildPhase;
			buildActionMask = 2147483647;
			files = (
			);
			inputFileListPaths = (
				"${PODS_ROOT}/Target Support Files/Pods-BumpTestApp/Pods-BumpTestApp-frameworks-${CONFIGURATION}-input-files.xcfilelist",
			);
			name = "[CP] Embed Pods Frameworks";
			outputFileListPaths = (
				"${PODS_ROOT}/Target Support Files/Pods-BumpTestApp/Pods-BumpTestApp-frameworks-${CONFIGURATION}-output-files.xcfilelist",
			);
			runOnlyForDeploymentPostprocessing = 0;
			shellPath = /bin/sh;
			shellScript = "\"${PODS_ROOT}/Target Support Files/Pods-BumpTestApp/Pods-BumpTestApp-frameworks.sh\"\n";
			showEnvVarsInLog = 0;
		};
/* End PBXShellScriptBuildPhase section */

/* Begin PBXSourcesBuildPhase section */
		2980A470235E04D800912952 /* Sources */ = {
			isa = PBXSourcesBuildPhase;
			buildActionMask = 2147483647;
			files = (
				2980A47C235E04D800912952 /* ViewController.swift in Sources */,
				2980A4A2235E07E300912952 /* ViewControllerViewModel.swift in Sources */,
				2980A4A5235E138300912952 /* Giphy.swift in Sources */,
				2980A49D235E05A500912952 /* MainCoordinator.swift in Sources */,
				2980A4A9235E1FF800912952 /* FeedViewCell.swift in Sources */,
				2980A49F235E05E100912952 /* Storyboarded.swift in Sources */,
				2980A478235E04D800912952 /* AppDelegate.swift in Sources */,
				2980A49B235E052B00912952 /* Coordinator.swift in Sources */,
			);
			runOnlyForDeploymentPostprocessing = 0;
		};
		2980A486235E04D900912952 /* Sources */ = {
			isa = PBXSourcesBuildPhase;
			buildActionMask = 2147483647;
			files = (
				2980A48F235E04D900912952 /* BumpTestAppTests.swift in Sources */,
			);
			runOnlyForDeploymentPostprocessing = 0;
		};
		29D80D752371C8050001FB3F /* Sources */ = {
			isa = PBXSourcesBuildPhase;
			buildActionMask = 2147483647;
			files = (
				29D80D7C2371C8050001FB3F /* BumpTestAppUITests.swift in Sources */,
			);
			runOnlyForDeploymentPostprocessing = 0;
		};
/* End PBXSourcesBuildPhase section */

/* Begin PBXTargetDependency section */
		2980A48C235E04D900912952 /* PBXTargetDependency */ = {
			isa = PBXTargetDependency;
			target = 2980A473235E04D800912952 /* BumpTestApp */;
			targetProxy = 2980A48B235E04D900912952 /* PBXContainerItemProxy */;
		};
		29D80D7F2371C8050001FB3F /* PBXTargetDependency */ = {
			isa = PBXTargetDependency;
			target = 2980A473235E04D800912952 /* BumpTestApp */;
			targetProxy = 29D80D7E2371C8050001FB3F /* PBXContainerItemProxy */;
		};
/* End PBXTargetDependency section */

/* Begin PBXVariantGroup section */
		2980A47D235E04D800912952 /* Main.storyboard */ = {
			isa = PBXVariantGroup;
			children = (
				2980A47E235E04D800912952 /* Base */,
			);
			name = Main.storyboard;
			sourceTree = "<group>";
		};
		2980A482235E04D900912952 /* LaunchScreen.storyboard */ = {
			isa = PBXVariantGroup;
			children = (
				2980A483235E04D900912952 /* Base */,
			);
			name = LaunchScreen.storyboard;
			sourceTree = "<group>";
		};
/* End PBXVariantGroup section */

/* Begin XCBuildConfiguration section */
		2980A491235E04D900912952 /* Debug */ = {
			isa = XCBuildConfiguration;
			buildSettings = {
				ALWAYS_SEARCH_USER_PATHS = NO;
				CLANG_ANALYZER_NONNULL = YES;
				CLANG_ANALYZER_NUMBER_OBJECT_CONVERSION = YES_AGGRESSIVE;
				CLANG_CXX_LANGUAGE_STANDARD = "gnu++14";
				CLANG_CXX_LIBRARY = "libc++";
				CLANG_ENABLE_MODULES = YES;
				CLANG_ENABLE_OBJC_ARC = YES;
				CLANG_ENABLE_OBJC_WEAK = YES;
				CLANG_WARN_BLOCK_CAPTURE_AUTORELEASING = YES;
				CLANG_WARN_BOOL_CONVERSION = YES;
				CLANG_WARN_COMMA = YES;
				CLANG_WARN_CONSTANT_CONVERSION = YES;
				CLANG_WARN_DEPRECATED_OBJC_IMPLEMENTATIONS = YES;
				CLANG_WARN_DIRECT_OBJC_ISA_USAGE = YES_ERROR;
				CLANG_WARN_DOCUMENTATION_COMMENTS = YES;
				CLANG_WARN_EMPTY_BODY = YES;
				CLANG_WARN_ENUM_CONVERSION = YES;
				CLANG_WARN_INFINITE_RECURSION = YES;
				CLANG_WARN_INT_CONVERSION = YES;
				CLANG_WARN_NON_LITERAL_NULL_CONVERSION = YES;
				CLANG_WARN_OBJC_IMPLICIT_RETAIN_SELF = YES;
				CLANG_WARN_OBJC_LITERAL_CONVERSION = YES;
				CLANG_WARN_OBJC_ROOT_CLASS = YES_ERROR;
				CLANG_WARN_RANGE_LOOP_ANALYSIS = YES;
				CLANG_WARN_STRICT_PROTOTYPES = YES;
				CLANG_WARN_SUSPICIOUS_MOVE = YES;
				CLANG_WARN_UNGUARDED_AVAILABILITY = YES_AGGRESSIVE;
				CLANG_WARN_UNREACHABLE_CODE = YES;
				CLANG_WARN__DUPLICATE_METHOD_MATCH = YES;
				COPY_PHASE_STRIP = NO;
				DEBUG_INFORMATION_FORMAT = dwarf;
				ENABLE_STRICT_OBJC_MSGSEND = YES;
				ENABLE_TESTABILITY = YES;
				GCC_C_LANGUAGE_STANDARD = gnu11;
				GCC_DYNAMIC_NO_PIC = NO;
				GCC_NO_COMMON_BLOCKS = YES;
				GCC_OPTIMIZATION_LEVEL = 0;
				GCC_PREPROCESSOR_DEFINITIONS = (
					"DEBUG=1",
					"$(inherited)",
				);
				GCC_WARN_64_TO_32_BIT_CONVERSION = YES;
				GCC_WARN_ABOUT_RETURN_TYPE = YES_ERROR;
				GCC_WARN_UNDECLARED_SELECTOR = YES;
				GCC_WARN_UNINITIALIZED_AUTOS = YES_AGGRESSIVE;
				GCC_WARN_UNUSED_FUNCTION = YES;
				GCC_WARN_UNUSED_VARIABLE = YES;
				IPHONEOS_DEPLOYMENT_TARGET = 13.1;
				MTL_ENABLE_DEBUG_INFO = INCLUDE_SOURCE;
				MTL_FAST_MATH = YES;
				ONLY_ACTIVE_ARCH = YES;
				SDKROOT = iphoneos;
				SWIFT_ACTIVE_COMPILATION_CONDITIONS = DEBUG;
				SWIFT_OPTIMIZATION_LEVEL = "-Onone";
			};
			name = Debug;
		};
		2980A492235E04D900912952 /* Release */ = {
			isa = XCBuildConfiguration;
			buildSettings = {
				ALWAYS_SEARCH_USER_PATHS = NO;
				CLANG_ANALYZER_NONNULL = YES;
				CLANG_ANALYZER_NUMBER_OBJECT_CONVERSION = YES_AGGRESSIVE;
				CLANG_CXX_LANGUAGE_STANDARD = "gnu++14";
				CLANG_CXX_LIBRARY = "libc++";
				CLANG_ENABLE_MODULES = YES;
				CLANG_ENABLE_OBJC_ARC = YES;
				CLANG_ENABLE_OBJC_WEAK = YES;
				CLANG_WARN_BLOCK_CAPTURE_AUTORELEASING = YES;
				CLANG_WARN_BOOL_CONVERSION = YES;
				CLANG_WARN_COMMA = YES;
				CLANG_WARN_CONSTANT_CONVERSION = YES;
				CLANG_WARN_DEPRECATED_OBJC_IMPLEMENTATIONS = YES;
				CLANG_WARN_DIRECT_OBJC_ISA_USAGE = YES_ERROR;
				CLANG_WARN_DOCUMENTATION_COMMENTS = YES;
				CLANG_WARN_EMPTY_BODY = YES;
				CLANG_WARN_ENUM_CONVERSION = YES;
				CLANG_WARN_INFINITE_RECURSION = YES;
				CLANG_WARN_INT_CONVERSION = YES;
				CLANG_WARN_NON_LITERAL_NULL_CONVERSION = YES;
				CLANG_WARN_OBJC_IMPLICIT_RETAIN_SELF = YES;
				CLANG_WARN_OBJC_LITERAL_CONVERSION = YES;
				CLANG_WARN_OBJC_ROOT_CLASS = YES_ERROR;
				CLANG_WARN_RANGE_LOOP_ANALYSIS = YES;
				CLANG_WARN_STRICT_PROTOTYPES = YES;
				CLANG_WARN_SUSPICIOUS_MOVE = YES;
				CLANG_WARN_UNGUARDED_AVAILABILITY = YES_AGGRESSIVE;
				CLANG_WARN_UNREACHABLE_CODE = YES;
				CLANG_WARN__DUPLICATE_METHOD_MATCH = YES;
				COPY_PHASE_STRIP = NO;
				DEBUG_INFORMATION_FORMAT = "dwarf-with-dsym";
				ENABLE_NS_ASSERTIONS = NO;
				ENABLE_STRICT_OBJC_MSGSEND = YES;
				GCC_C_LANGUAGE_STANDARD = gnu11;
				GCC_NO_COMMON_BLOCKS = YES;
				GCC_WARN_64_TO_32_BIT_CONVERSION = YES;
				GCC_WARN_ABOUT_RETURN_TYPE = YES_ERROR;
				GCC_WARN_UNDECLARED_SELECTOR = YES;
				GCC_WARN_UNINITIALIZED_AUTOS = YES_AGGRESSIVE;
				GCC_WARN_UNUSED_FUNCTION = YES;
				GCC_WARN_UNUSED_VARIABLE = YES;
				IPHONEOS_DEPLOYMENT_TARGET = 13.1;
				MTL_ENABLE_DEBUG_INFO = NO;
				MTL_FAST_MATH = YES;
				SDKROOT = iphoneos;
				SWIFT_COMPILATION_MODE = wholemodule;
				SWIFT_OPTIMIZATION_LEVEL = "-O";
				VALIDATE_PRODUCT = YES;
			};
			name = Release;
		};
		2980A494235E04D900912952 /* Debug */ = {
			isa = XCBuildConfiguration;
			baseConfigurationReference = 15B444D98AD42AF718D24DE5 /* Pods-BumpTestApp.debug.xcconfig */;
			buildSettings = {
				ASSETCATALOG_COMPILER_APPICON_NAME = AppIcon;
				CODE_SIGN_STYLE = Automatic;
				DEVELOPMENT_TEAM = VR63VSE8R3;
				INFOPLIST_FILE = BumpTestApp/Info.plist;
				LD_RUNPATH_SEARCH_PATHS = (
					"$(inherited)",
					"@executable_path/Frameworks",
				);
				PRODUCT_BUNDLE_IDENTIFIER = com.brightskyapps.BumpTestApp;
				PRODUCT_NAME = "$(TARGET_NAME)";
				SWIFT_VERSION = 5.0;
				TARGETED_DEVICE_FAMILY = "1,2";
			};
			name = Debug;
		};
		2980A495235E04D900912952 /* Release */ = {
			isa = XCBuildConfiguration;
			baseConfigurationReference = 022CA5C1F2185CAEAC8D069B /* Pods-BumpTestApp.release.xcconfig */;
			buildSettings = {
				ASSETCATALOG_COMPILER_APPICON_NAME = AppIcon;
				CODE_SIGN_STYLE = Automatic;
				DEVELOPMENT_TEAM = VR63VSE8R3;
				INFOPLIST_FILE = BumpTestApp/Info.plist;
				LD_RUNPATH_SEARCH_PATHS = (
					"$(inherited)",
					"@executable_path/Frameworks",
				);
				PRODUCT_BUNDLE_IDENTIFIER = com.brightskyapps.BumpTestApp;
				PRODUCT_NAME = "$(TARGET_NAME)";
				SWIFT_VERSION = 5.0;
				TARGETED_DEVICE_FAMILY = "1,2";
			};
			name = Release;
		};
		2980A497235E04D900912952 /* Debug */ = {
			isa = XCBuildConfiguration;
			baseConfigurationReference = E0111656CA7D4050B40B8B8D /* Pods-BumpTestAppTests.debug.xcconfig */;
			buildSettings = {
				ALWAYS_EMBED_SWIFT_STANDARD_LIBRARIES = YES;
				BUNDLE_LOADER = "$(TEST_HOST)";
				CODE_SIGN_STYLE = Automatic;
				DEVELOPMENT_TEAM = VR63VSE8R3;
				INFOPLIST_FILE = BumpTestAppTests/Info.plist;
				IPHONEOS_DEPLOYMENT_TARGET = 13.1;
				LD_RUNPATH_SEARCH_PATHS = (
					"$(inherited)",
					"@executable_path/Frameworks",
					"@loader_path/Frameworks",
				);
				PRODUCT_BUNDLE_IDENTIFIER = com.brightskyapps.BumpTestAppTests;
				PRODUCT_NAME = "$(TARGET_NAME)";
				SWIFT_VERSION = 5.0;
				TARGETED_DEVICE_FAMILY = "1,2";
				TEST_HOST = "$(BUILT_PRODUCTS_DIR)/BumpTestApp.app/BumpTestApp";
			};
			name = Debug;
		};
		2980A498235E04D900912952 /* Release */ = {
			isa = XCBuildConfiguration;
			baseConfigurationReference = 44946872F4F62C3676D3B04B /* Pods-BumpTestAppTests.release.xcconfig */;
			buildSettings = {
				ALWAYS_EMBED_SWIFT_STANDARD_LIBRARIES = YES;
				BUNDLE_LOADER = "$(TEST_HOST)";
				CODE_SIGN_STYLE = Automatic;
				DEVELOPMENT_TEAM = VR63VSE8R3;
				INFOPLIST_FILE = BumpTestAppTests/Info.plist;
				IPHONEOS_DEPLOYMENT_TARGET = 13.1;
				LD_RUNPATH_SEARCH_PATHS = (
					"$(inherited)",
					"@executable_path/Frameworks",
					"@loader_path/Frameworks",
				);
				PRODUCT_BUNDLE_IDENTIFIER = com.brightskyapps.BumpTestAppTests;
				PRODUCT_NAME = "$(TARGET_NAME)";
				SWIFT_VERSION = 5.0;
				TARGETED_DEVICE_FAMILY = "1,2";
				TEST_HOST = "$(BUILT_PRODUCTS_DIR)/BumpTestApp.app/BumpTestApp";
			};
			name = Release;
		};
		29D80D802371C8050001FB3F /* Debug */ = {
			isa = XCBuildConfiguration;
			buildSettings = {
				CODE_SIGN_STYLE = Automatic;
				DEVELOPMENT_TEAM = VR63VSE8R3;
				INFOPLIST_FILE = BumpTestAppUITests/Info.plist;
				IPHONEOS_DEPLOYMENT_TARGET = 13.2;
				LD_RUNPATH_SEARCH_PATHS = (
					"$(inherited)",
					"@executable_path/Frameworks",
					"@loader_path/Frameworks",
				);
				PRODUCT_BUNDLE_IDENTIFIER = com.brightskyapps.BumpTestAppUITests;
				PRODUCT_NAME = "$(TARGET_NAME)";
				SWIFT_VERSION = 5.0;
				TARGETED_DEVICE_FAMILY = "1,2";
				TEST_TARGET_NAME = BumpTestApp;
			};
			name = Debug;
		};
		29D80D812371C8050001FB3F /* Release */ = {
			isa = XCBuildConfiguration;
			buildSettings = {
				CODE_SIGN_STYLE = Automatic;
				DEVELOPMENT_TEAM = VR63VSE8R3;
				INFOPLIST_FILE = BumpTestAppUITests/Info.plist;
				IPHONEOS_DEPLOYMENT_TARGET = 13.2;
				LD_RUNPATH_SEARCH_PATHS = (
					"$(inherited)",
					"@executable_path/Frameworks",
					"@loader_path/Frameworks",
				);
				PRODUCT_BUNDLE_IDENTIFIER = com.brightskyapps.BumpTestAppUITests;
				PRODUCT_NAME = "$(TARGET_NAME)";
				SWIFT_VERSION = 5.0;
				TARGETED_DEVICE_FAMILY = "1,2";
				TEST_TARGET_NAME = BumpTestApp;
			};
			name = Release;
		};
/* End XCBuildConfiguration section */

/* Begin XCConfigurationList section */
		2980A46F235E04D800912952 /* Build configuration list for PBXProject "BumpTestApp" */ = {
			isa = XCConfigurationList;
			buildConfigurations = (
				2980A491235E04D900912952 /* Debug */,
				2980A492235E04D900912952 /* Release */,
			);
			defaultConfigurationIsVisible = 0;
			defaultConfigurationName = Release;
		};
		2980A493235E04D900912952 /* Build configuration list for PBXNativeTarget "BumpTestApp" */ = {
			isa = XCConfigurationList;
			buildConfigurations = (
				2980A494235E04D900912952 /* Debug */,
				2980A495235E04D900912952 /* Release */,
			);
			defaultConfigurationIsVisible = 0;
			defaultConfigurationName = Release;
		};
		2980A496235E04D900912952 /* Build configuration list for PBXNativeTarget "BumpTestAppTests" */ = {
			isa = XCConfigurationList;
			buildConfigurations = (
				2980A497235E04D900912952 /* Debug */,
				2980A498235E04D900912952 /* Release */,
			);
			defaultConfigurationIsVisible = 0;
			defaultConfigurationName = Release;
		};
		29D80D822371C8050001FB3F /* Build configuration list for PBXNativeTarget "BumpTestAppUITests" */ = {
			isa = XCConfigurationList;
			buildConfigurations = (
				29D80D802371C8050001FB3F /* Debug */,
				29D80D812371C8050001FB3F /* Release */,
			);
			defaultConfigurationIsVisible = 0;
			defaultConfigurationName = Release;
		};
/* End XCConfigurationList section */
	};
	rootObject = 2980A46C235E04D800912952 /* Project object */;
}
